
Microsoft Visual Studio Solution File, Format Version 12.00
# Visual Studio 2012
Project("{FAE04EC0-301F-11D3-BF4B-00C04F79EFBC}") = "Lucid", "sfml-lucid\Lucid.csproj", "{90CA7B1D-3600-4C49-B699-DA2428872CF5}"
EndProject
Project("{FAE04EC0-301F-11D3-BF4B-00C04F79EFBC}") = "TestGame", "test-game\TestGame.csproj", "{3761C67C-D222-4DF8-845C-096CFE159F1A}"
EndProject
Project("{FAE04EC0-301F-11D3-BF4B-00C04F79EFBC}") = "Tests", "Tests\Tests.csproj", "{295813F3-8787-4B48-B3B7-1E1590DE8CA4}"
EndProject
Project("{FAE04EC0-301F-11D3-BF4B-00C04F79EFBC}") = "lucidpack", "lucidpack\lucidpack.csproj", "{08E9AB89-20C5-4370-95D5-CA21B3369C97}"
EndProject
Project("{FAE04EC0-301F-11D3-BF4B-00C04F79EFBC}") = "LucidTools", "LucidTools\LucidTools.csproj", "{4CF15A4F-CBEB-460A-BEC2-BFB51D1C4089}"
EndProject
Project("{FAE04EC0-301F-11D3-BF4B-00C04F79EFBC}") = "simpletool", "simpletool\simpletool.csproj", "{DFD2D860-E363-435D-9FFA-C2E74E35E987}"
EndProject
Project("{FAE04EC0-301F-11D3-BF4B-00C04F79EFBC}") = "Lucidity", "Lucidity\Lucidity.csproj", "{048752A0-E316-4963-A6F7-E5497EE5368D}"
EndProject
Project("{FAE04EC0-301F-11D3-BF4B-00C04F79EFBC}") = "Lux", "Lux\Lux.csproj", "{659DDFE7-C0C7-4475-BCC5-A40787BB6EEE}"
EndProject
Project("{FAE04EC0-301F-11D3-BF4B-00C04F79EFBC}") = "Lucidity.Core", "LucidityCommon\Lucidity.Core.csproj", "{ED76B7A2-60B8-4EA2-BC0B-436B02029EEA}"
EndProject
Project("{2150E333-8FDC-42A3-9474-1A3956D46DE8}") = "Gemini", "Gemini", "{AB0E7798-AC62-48F1-840C-E29B17863F01}"
EndProject
Project("{2150E333-8FDC-42A3-9474-1A3956D46DE8}") = "Tools", "Tools", "{EA0F4A0D-C59A-4DCE-B0D0-73B5ED302D41}"
EndProject
Project("{FAE04EC0-301F-11D3-BF4B-00C04F79EFBC}") = "Gemini", "gemini-master\src\Gemini\Gemini.csproj", "{13DBFC87-C152-4A86-94B0-D9944BEEF647}"
EndProject
Project("{2150E333-8FDC-42A3-9474-1A3956D46DE8}") = "LucidEngine", "LucidEngine", "{0EA3365B-F15D-4840-91AD-56486F7A436A}"
EndProject
Project("{2150E333-8FDC-42A3-9474-1A3956D46DE8}") = "UnitTests", "UnitTests", "{11511087-0398-4FAC-A120-AA5884383A10}"
EndProject
Project("{2150E333-8FDC-42A3-9474-1A3956D46DE8}") = "ReferencedLibraries", "ReferencedLibraries", "{283D2151-0558-4F94-ADFF-5F0EFD1D9020}"
EndProject
Project("{FAE04EC0-301F-11D3-BF4B-00C04F79EFBC}") = "LucidityTests", "LucidityTests\LucidityTests.csproj", "{85D51E9B-0B9F-46BE-BE41-4673435F9822}"
EndProject
Project("{FAE04EC0-301F-11D3-BF4B-00C04F79EFBC}") = "Lucid.Models", "Lucid.Models\Lucid.Models.csproj", "{206AAC81-E78E-49F5-BAF9-650F2E521FE1}"
EndProject
Global
	GlobalSection(SolutionConfigurationPlatforms) = preSolution
		Debug|Any CPU = Debug|Any CPU
		Release|Any CPU = Release|Any CPU
	EndGlobalSection
	GlobalSection(ProjectConfigurationPlatforms) = postSolution
		{90CA7B1D-3600-4C49-B699-DA2428872CF5}.Debug|Any CPU.ActiveCfg = Debug|Any CPU
		{90CA7B1D-3600-4C49-B699-DA2428872CF5}.Debug|Any CPU.Build.0 = Debug|Any CPU
		{90CA7B1D-3600-4C49-B699-DA2428872CF5}.Release|Any CPU.ActiveCfg = Release|Any CPU
		{90CA7B1D-3600-4C49-B699-DA2428872CF5}.Release|Any CPU.Build.0 = Release|Any CPU
		{3761C67C-D222-4DF8-845C-096CFE159F1A}.Debug|Any CPU.ActiveCfg = Debug|Any CPU
		{3761C67C-D222-4DF8-845C-096CFE159F1A}.Debug|Any CPU.Build.0 = Debug|Any CPU
		{3761C67C-D222-4DF8-845C-096CFE159F1A}.Release|Any CPU.ActiveCfg = Release|Any CPU
		{3761C67C-D222-4DF8-845C-096CFE159F1A}.Release|Any CPU.Build.0 = Release|Any CPU
		{295813F3-8787-4B48-B3B7-1E1590DE8CA4}.Debug|Any CPU.ActiveCfg = Debug|Any CPU
		{295813F3-8787-4B48-B3B7-1E1590DE8CA4}.Debug|Any CPU.Build.0 = Debug|Any CPU
		{295813F3-8787-4B48-B3B7-1E1590DE8CA4}.Release|Any CPU.ActiveCfg = Release|Any CPU
		{295813F3-8787-4B48-B3B7-1E1590DE8CA4}.Release|Any CPU.Build.0 = Release|Any CPU
		{08E9AB89-20C5-4370-95D5-CA21B3369C97}.Debug|Any CPU.ActiveCfg = Debug|Any CPU
		{08E9AB89-20C5-4370-95D5-CA21B3369C97}.Debug|Any CPU.Build.0 = Debug|Any CPU
		{08E9AB89-20C5-4370-95D5-CA21B3369C97}.Release|Any CPU.ActiveCfg = Release|Any CPU
		{08E9AB89-20C5-4370-95D5-CA21B3369C97}.Release|Any CPU.Build.0 = Release|Any CPU
		{4CF15A4F-CBEB-460A-BEC2-BFB51D1C4089}.Debug|Any CPU.ActiveCfg = Debug|Any CPU
		{4CF15A4F-CBEB-460A-BEC2-BFB51D1C4089}.Debug|Any CPU.Build.0 = Debug|Any CPU
		{4CF15A4F-CBEB-460A-BEC2-BFB51D1C4089}.Release|Any CPU.ActiveCfg = Release|Any CPU
		{4CF15A4F-CBEB-460A-BEC2-BFB51D1C4089}.Release|Any CPU.Build.0 = Release|Any CPU
		{DFD2D860-E363-435D-9FFA-C2E74E35E987}.Debug|Any CPU.ActiveCfg = Debug|Any CPU
		{DFD2D860-E363-435D-9FFA-C2E74E35E987}.Debug|Any CPU.Build.0 = Debug|Any CPU
		{DFD2D860-E363-435D-9FFA-C2E74E35E987}.Release|Any CPU.ActiveCfg = Release|Any CPU
		{DFD2D860-E363-435D-9FFA-C2E74E35E987}.Release|Any CPU.Build.0 = Release|Any CPU
		{048752A0-E316-4963-A6F7-E5497EE5368D}.Debug|Any CPU.ActiveCfg = Debug|Any CPU
		{048752A0-E316-4963-A6F7-E5497EE5368D}.Debug|Any CPU.Build.0 = Debug|Any CPU
		{048752A0-E316-4963-A6F7-E5497EE5368D}.Release|Any CPU.ActiveCfg = Release|Any CPU
		{048752A0-E316-4963-A6F7-E5497EE5368D}.Release|Any CPU.Build.0 = Release|Any CPU
		{659DDFE7-C0C7-4475-BCC5-A40787BB6EEE}.Debug|Any CPU.ActiveCfg = Debug|Any CPU
		{659DDFE7-C0C7-4475-BCC5-A40787BB6EEE}.Debug|Any CPU.Build.0 = Debug|Any CPU
		{659DDFE7-C0C7-4475-BCC5-A40787BB6EEE}.Release|Any CPU.ActiveCfg = Release|Any CPU
		{659DDFE7-C0C7-4475-BCC5-A40787BB6EEE}.Release|Any CPU.Build.0 = Release|Any CPU
		{ED76B7A2-60B8-4EA2-BC0B-436B02029EEA}.Debug|Any CPU.ActiveCfg = Debug|Any CPU
		{ED76B7A2-60B8-4EA2-BC0B-436B02029EEA}.Debug|Any CPU.Build.0 = Debug|Any CPU
		{ED76B7A2-60B8-4EA2-BC0B-436B02029EEA}.Release|Any CPU.ActiveCfg = Release|Any CPU
		{ED76B7A2-60B8-4EA2-BC0B-436B02029EEA}.Release|Any CPU.Build.0 = Release|Any CPU
		{13DBFC87-C152-4A86-94B0-D9944BEEF647}.Debug|Any CPU.ActiveCfg = Debug|Any CPU
		{13DBFC87-C152-4A86-94B0-D9944BEEF647}.Debug|Any CPU.Build.0 = Debug|Any CPU
		{13DBFC87-C152-4A86-94B0-D9944BEEF647}.Release|Any CPU.ActiveCfg = Release|Any CPU
		{13DBFC87-C152-4A86-94B0-D9944BEEF647}.Release|Any CPU.Build.0 = Release|Any CPU
		{85D51E9B-0B9F-46BE-BE41-4673435F9822}.Debug|Any CPU.ActiveCfg = Debug|Any CPU
		{85D51E9B-0B9F-46BE-BE41-4673435F9822}.Debug|Any CPU.Build.0 = Debug|Any CPU
		{85D51E9B-0B9F-46BE-BE41-4673435F9822}.Release|Any CPU.ActiveCfg = Release|Any CPU
		{85D51E9B-0B9F-46BE-BE41-4673435F9822}.Release|Any CPU.Build.0 = Release|Any CPU
		{206AAC81-E78E-49F5-BAF9-650F2E521FE1}.Debug|Any CPU.ActiveCfg = Debug|Any CPU
		{206AAC81-E78E-49F5-BAF9-650F2E521FE1}.Debug|Any CPU.Build.0 = Debug|Any CPU
		{206AAC81-E78E-49F5-BAF9-650F2E521FE1}.Release|Any CPU.ActiveCfg = Release|Any CPU
		{206AAC81-E78E-49F5-BAF9-650F2E521FE1}.Release|Any CPU.Build.0 = Release|Any CPU
	EndGlobalSection
	GlobalSection(SolutionProperties) = preSolution
		HideSolutionNode = FALSE
	EndGlobalSection
	GlobalSection(NestedProjects) = preSolution
		{3761C67C-D222-4DF8-845C-096CFE159F1A} = {0EA3365B-F15D-4840-91AD-56486F7A436A}
		{11511087-0398-4FAC-A120-AA5884383A10} = {0EA3365B-F15D-4840-91AD-56486F7A436A}
		{EA0F4A0D-C59A-4DCE-B0D0-73B5ED302D41} = {0EA3365B-F15D-4840-91AD-56486F7A436A}
		{048752A0-E316-4963-A6F7-E5497EE5368D} = {0EA3365B-F15D-4840-91AD-56486F7A436A}
		{659DDFE7-C0C7-4475-BCC5-A40787BB6EEE} = {0EA3365B-F15D-4840-91AD-56486F7A436A}
		{ED76B7A2-60B8-4EA2-BC0B-436B02029EEA} = {0EA3365B-F15D-4840-91AD-56486F7A436A}
		{90CA7B1D-3600-4C49-B699-DA2428872CF5} = {0EA3365B-F15D-4840-91AD-56486F7A436A}
		{206AAC81-E78E-49F5-BAF9-650F2E521FE1} = {0EA3365B-F15D-4840-91AD-56486F7A436A}
		{295813F3-8787-4B48-B3B7-1E1590DE8CA4} = {11511087-0398-4FAC-A120-AA5884383A10}
		{85D51E9B-0B9F-46BE-BE41-4673435F9822} = {11511087-0398-4FAC-A120-AA5884383A10}
		{4CF15A4F-CBEB-460A-BEC2-BFB51D1C4089} = {EA0F4A0D-C59A-4DCE-B0D0-73B5ED302D41}
		{DFD2D860-E363-435D-9FFA-C2E74E35E987} = {EA0F4A0D-C59A-4DCE-B0D0-73B5ED302D41}
		{08E9AB89-20C5-4370-95D5-CA21B3369C97} = {EA0F4A0D-C59A-4DCE-B0D0-73B5ED302D41}
		{AB0E7798-AC62-48F1-840C-E29B17863F01} = {283D2151-0558-4F94-ADFF-5F0EFD1D9020}
		{13DBFC87-C152-4A86-94B0-D9944BEEF647} = {AB0E7798-AC62-48F1-840C-E29B17863F01}
	EndGlobalSection
EndGlobal
